
Microsoft Visual Studio Solution File, Format Version 12.00
# Visual Studio Version 17
VisualStudioVersion = 17.14.36511.14
MinimumVisualStudioVersion = 10.0.40219.1
Project("{8BC9CEB8-8B4A-11D0-8D11-00A0C91BC942}") = "Lab_2", "Lab_2.vcxproj", "{E7DDAAB6-D8BF-4B97-87A3-B02106940C46}"
EndProject
Project("{8BC9CEB8-8B4A-11D0-8D11-00A0C91BC942}") = "UnitTest1", "..\UnitTest1\UnitTest1.vcxproj", "{2E492DD5-134C-9483-A1EE-C9DABA804943}"
EndProject
Global
	GlobalSection(SolutionConfigurationPlatforms) = preSolution
		Debug|x64 = Debug|x64
		Debug|x86 = Debug|x86
		Release|x64 = Release|x64
		Release|x86 = Release|x86
	EndGlobalSection
	GlobalSection(ProjectConfigurationPlatforms) = postSolution
		{E7DDAAB6-D8BF-4B97-87A3-B02106940C46}.Debug|x64.ActiveCfg = Debug|x64
		{E7DDAAB6-D8BF-4B97-87A3-B02106940C46}.Debug|x64.Build.0 = Debug|x64
		{E7DDAAB6-D8BF-4B97-87A3-B02106940C46}.Debug|x86.ActiveCfg = Debug|Win32
		{E7DDAAB6-D8BF-4B97-87A3-B02106940C46}.Debug|x86.Build.0 = Debug|Win32
		{E7DDAAB6-D8BF-4B97-87A3-B02106940C46}.Release|x64.ActiveCfg = Release|x64
		{E7DDAAB6-D8BF-4B97-87A3-B02106940C46}.Release|x64.Build.0 = Release|x64
		{E7DDAAB6-D8BF-4B97-87A3-B02106940C46}.Release|x86.ActiveCfg = Release|Win32
		{E7DDAAB6-D8BF-4B97-87A3-B02106940C46}.Release|x86.Build.0 = Release|Win32
		{2E492DD5-134C-9483-A1EE-C9DABA804943}.Debug|x64.ActiveCfg = Debug|x64
		{2E492DD5-134C-9483-A1EE-C9DABA804943}.Debug|x64.Build.0 = Debug|x64
		{2E492DD5-134C-9483-A1EE-C9DABA804943}.Debug|x86.ActiveCfg = Debug|Win32
		{2E492DD5-134C-9483-A1EE-C9DABA804943}.Debug|x86.Build.0 = Debug|Win32
		{2E492DD5-134C-9483-A1EE-C9DABA804943}.Release|x64.ActiveCfg = Release|x64
		{2E492DD5-134C-9483-A1EE-C9DABA804943}.Release|x64.Build.0 = Release|x64
		{2E492DD5-134C-9483-A1EE-C9DABA804943}.Release|x86.ActiveCfg = Release|Win32
		{2E492DD5-134C-9483-A1EE-C9DABA804943}.Release|x86.Build.0 = Release|Win32
	EndGlobalSection
	GlobalSection(SolutionProperties) = preSolution
		HideSolutionNode = FALSE
	EndGlobalSection
	GlobalSection(ExtensibilityGlobals) = postSolution
		SolutionGuid = {1AEC54D9-590D-414B-AB42-5CEB78C0BBC3}
	EndGlobalSection
EndGlobal
